
Microsoft Visual Studio Solution File, Format Version 12.00
# Visual Studio Version 17
VisualStudioVersion = 17.14.36109.1
MinimumVisualStudioVersion = 10.0.40219.1
Project("{FAE04EC0-301F-11D3-BF4B-00C04F79EFBC}") = "Presentation", "Presentation\Presentation.csproj", "{BC4F946E-5042-4DE9-9B1F-88DD7BAD83B1}"
EndProject
Project("{FAE04EC0-301F-11D3-BF4B-00C04F79EFBC}") = "Domain", "Domain\Domain.csproj", "{806D2A2F-2819-47EE-99DF-24073A320A1E}"
EndProject
Project("{FAE04EC0-301F-11D3-BF4B-00C04F79EFBC}") = "Infrastructure", "Infrastructure\Infrastructure.csproj", "{14F4226C-6946-47BD-B672-CA6EE8700D20}"
EndProject
Project("{FAE04EC0-301F-11D3-BF4B-00C04F79EFBC}") = "Shared", "Shared\Shared.csproj", "{C94DED5E-7437-444F-8FA8-30F8393DF309}"
EndProject
Global
	GlobalSection(SolutionConfigurationPlatforms) = preSolution
		Debug|Any CPU = Debug|Any CPU
		Release|Any CPU = Release|Any CPU
	EndGlobalSection
	GlobalSection(ProjectConfigurationPlatforms) = postSolution
		{BC4F946E-5042-4DE9-9B1F-88DD7BAD83B1}.Debug|Any CPU.ActiveCfg = Debug|Any CPU
		{BC4F946E-5042-4DE9-9B1F-88DD7BAD83B1}.Debug|Any CPU.Build.0 = Debug|Any CPU
		{BC4F946E-5042-4DE9-9B1F-88DD7BAD83B1}.Release|Any CPU.ActiveCfg = Release|Any CPU
		{BC4F946E-5042-4DE9-9B1F-88DD7BAD83B1}.Release|Any CPU.Build.0 = Release|Any CPU
		{806D2A2F-2819-47EE-99DF-24073A320A1E}.Debug|Any CPU.ActiveCfg = Debug|Any CPU
		{806D2A2F-2819-47EE-99DF-24073A320A1E}.Debug|Any CPU.Build.0 = Debug|Any CPU
		{806D2A2F-2819-47EE-99DF-24073A320A1E}.Release|Any CPU.ActiveCfg = Release|Any CPU
		{806D2A2F-2819-47EE-99DF-24073A320A1E}.Release|Any CPU.Build.0 = Release|Any CPU
		{14F4226C-6946-47BD-B672-CA6EE8700D20}.Debug|Any CPU.ActiveCfg = Debug|Any CPU
		{14F4226C-6946-47BD-B672-CA6EE8700D20}.Debug|Any CPU.Build.0 = Debug|Any CPU
		{14F4226C-6946-47BD-B672-CA6EE8700D20}.Release|Any CPU.ActiveCfg = Release|Any CPU
		{14F4226C-6946-47BD-B672-CA6EE8700D20}.Release|Any CPU.Build.0 = Release|Any CPU
		{C94DED5E-7437-444F-8FA8-30F8393DF309}.Debug|Any CPU.ActiveCfg = Debug|Any CPU
		{C94DED5E-7437-444F-8FA8-30F8393DF309}.Debug|Any CPU.Build.0 = Debug|Any CPU
		{C94DED5E-7437-444F-8FA8-30F8393DF309}.Release|Any CPU.ActiveCfg = Release|Any CPU
		{C94DED5E-7437-444F-8FA8-30F8393DF309}.Release|Any CPU.Build.0 = Release|Any CPU
	EndGlobalSection
	GlobalSection(SolutionProperties) = preSolution
		HideSolutionNode = FALSE
	EndGlobalSection
	GlobalSection(ExtensibilityGlobals) = postSolution
		SolutionGuid = {111C7167-1EFF-411E-93A7-EB14F8A40C8C}
	EndGlobalSection
EndGlobal
